
Microsoft Visual Studio Solution File, Format Version 12.00
# Visual Studio Version 17
VisualStudioVersion = 17.3.32901.215
MinimumVisualStudioVersion = 10.0.40219.1
Project("{FAE04EC0-301F-11D3-BF4B-00C04F79EFBC}") = "Foutball Tournament", "Foutball Tournament\Foutball Tournament.csproj", "{58525E78-B06A-4789-9B67-6193BCF357EB}"
EndProject
Global
	GlobalSection(SolutionConfigurationPlatforms) = preSolution
		Debug|Any CPU = Debug|Any CPU
		Release|Any CPU = Release|Any CPU
	EndGlobalSection
	GlobalSection(ProjectConfigurationPlatforms) = postSolution
		{58525E78-B06A-4789-9B67-6193BCF357EB}.Debug|Any CPU.ActiveCfg = Debug|Any CPU
		{58525E78-B06A-4789-9B67-6193BCF357EB}.Debug|Any CPU.Build.0 = Debug|Any CPU
		{58525E78-B06A-4789-9B67-6193BCF357EB}.Release|Any CPU.ActiveCfg = Release|Any CPU
		{58525E78-B06A-4789-9B67-6193BCF357EB}.Release|Any CPU.Build.0 = Release|Any CPU
	EndGlobalSection
	GlobalSection(SolutionProperties) = preSolution
		HideSolutionNode = FALSE
	EndGlobalSection
	GlobalSection(ExtensibilityGlobals) = postSolution
		SolutionGuid = {4CC6F5E7-1480-495A-B260-CFC1017576B9}
	EndGlobalSection
EndGlobal
